
Microsoft Visual Studio Solution File, Format Version 12.00
# Visual Studio Version 16
VisualStudioVersion = 16.0.29230.47
MinimumVisualStudioVersion = 10.0.40219.1
Project("{FAE04EC0-301F-11D3-BF4B-00C04F79EFBC}") = "KursachBD", "KursachBD\KursachBD.csproj", "{07CFAD9A-F4EB-4AB5-98BC-BEEB4FA3627E}"
EndProject
Global
	GlobalSection(SolutionConfigurationPlatforms) = preSolution
		Debug|Any CPU = Debug|Any CPU
		Release|Any CPU = Release|Any CPU
	EndGlobalSection
	GlobalSection(ProjectConfigurationPlatforms) = postSolution
		{07CFAD9A-F4EB-4AB5-98BC-BEEB4FA3627E}.Debug|Any CPU.ActiveCfg = Debug|Any CPU
		{07CFAD9A-F4EB-4AB5-98BC-BEEB4FA3627E}.Debug|Any CPU.Build.0 = Debug|Any CPU
		{07CFAD9A-F4EB-4AB5-98BC-BEEB4FA3627E}.Release|Any CPU.ActiveCfg = Release|Any CPU
		{07CFAD9A-F4EB-4AB5-98BC-BEEB4FA3627E}.Release|Any CPU.Build.0 = Release|Any CPU
	EndGlobalSection
	GlobalSection(SolutionProperties) = preSolution
		HideSolutionNode = FALSE
	EndGlobalSection
	GlobalSection(ExtensibilityGlobals) = postSolution
		SolutionGuid = {54EBA0E6-A663-4523-97B0-15471A694A02}
	EndGlobalSection
EndGlobal
